{
  "name": "resourcemod",
  "version": "1.0.6-beta",
  "lockfileVersion": 3,
  "requires": true,
  "packages": {
    "": {
      "name": "resourcemod",
      "version": "1.0.6-beta",
      "license": "GPL-3.0",
      "dependencies": {
        "metacall": "^0.4.3"
      }
    },
    "node_modules/metacall": {
      "version": "0.4.3",
      "resolved": "https://registry.npmjs.org/metacall/-/metacall-0.4.3.tgz",
      "integrity": "sha512-fU/8C43UItoTnBRp7xUHuoyR0PFFaCSNfStSjE3evxXtZedTu+d2tatXtFFTbRVRG2zSrLjwBeKJZMvTZ+1PoA=="
    }
  }
}
